
Microsoft Visual Studio Solution File, Format Version 12.00
# Visual Studio Version 17
VisualStudioVersion = 17.0.31710.8
MinimumVisualStudioVersion = 10.0.40219.1
Project("{9A19103F-16F7-4668-BE54-9A1E7A4F7556}") = "ProtoSim.DotNetUtilities", "ProtoSim.DotNetUtilities.csproj", "{859B27F5-06FA-4461-95BA-493AD92A734D}"
EndProject
Project("{FAE04EC0-301F-11D3-BF4B-00C04F79EFBC}") = "ConsoleTest", "..\ConsoleTest\ConsoleTest.csproj", "{BA1BE843-5585-45DC-8FFC-42FA56C67A77}"
EndProject
Global
	GlobalSection(SolutionConfigurationPlatforms) = preSolution
		Debug|Any CPU = Debug|Any CPU
		Release|Any CPU = Release|Any CPU
	EndGlobalSection
	GlobalSection(ProjectConfigurationPlatforms) = postSolution
		{859B27F5-06FA-4461-95BA-493AD92A734D}.Debug|Any CPU.ActiveCfg = Debug|Any CPU
		{859B27F5-06FA-4461-95BA-493AD92A734D}.Debug|Any CPU.Build.0 = Debug|Any CPU
		{859B27F5-06FA-4461-95BA-493AD92A734D}.Release|Any CPU.ActiveCfg = Release|Any CPU
		{859B27F5-06FA-4461-95BA-493AD92A734D}.Release|Any CPU.Build.0 = Release|Any CPU
		{BA1BE843-5585-45DC-8FFC-42FA56C67A77}.Debug|Any CPU.ActiveCfg = Debug|Any CPU
		{BA1BE843-5585-45DC-8FFC-42FA56C67A77}.Debug|Any CPU.Build.0 = Debug|Any CPU
		{BA1BE843-5585-45DC-8FFC-42FA56C67A77}.Release|Any CPU.ActiveCfg = Release|Any CPU
		{BA1BE843-5585-45DC-8FFC-42FA56C67A77}.Release|Any CPU.Build.0 = Release|Any CPU
	EndGlobalSection
	GlobalSection(SolutionProperties) = preSolution
		HideSolutionNode = FALSE
	EndGlobalSection
	GlobalSection(ExtensibilityGlobals) = postSolution
		SolutionGuid = {C2008448-2DB0-4EF8-868B-992F2C9A7133}
	EndGlobalSection
EndGlobal
